
Microsoft Visual Studio Solution File, Format Version 12.00
# Visual Studio Version 16
VisualStudioVersion = 16.0.30225.117
MinimumVisualStudioVersion = 10.0.40219.1
Project("{FAE04EC0-301F-11D3-BF4B-00C04F79EFBC}") = "Beauty_shop", "Beauty_shop.csproj", "{8FD3724B-ABE4-43AD-B81B-C8D4CBDF3362}"
EndProject
Global
	GlobalSection(SolutionConfigurationPlatforms) = preSolution
		Debug|Any CPU = Debug|Any CPU
		Release|Any CPU = Release|Any CPU
	EndGlobalSection
	GlobalSection(ProjectConfigurationPlatforms) = postSolution
		{8FD3724B-ABE4-43AD-B81B-C8D4CBDF3362}.Debug|Any CPU.ActiveCfg = Debug|Any CPU
		{8FD3724B-ABE4-43AD-B81B-C8D4CBDF3362}.Debug|Any CPU.Build.0 = Debug|Any CPU
		{8FD3724B-ABE4-43AD-B81B-C8D4CBDF3362}.Release|Any CPU.ActiveCfg = Release|Any CPU
		{8FD3724B-ABE4-43AD-B81B-C8D4CBDF3362}.Release|Any CPU.Build.0 = Release|Any CPU
	EndGlobalSection
	GlobalSection(SolutionProperties) = preSolution
		HideSolutionNode = FALSE
	EndGlobalSection
	GlobalSection(ExtensibilityGlobals) = postSolution
		SolutionGuid = {A2E6E1F4-BFE6-42D4-A622-0ED88FE473C3}
	EndGlobalSection
EndGlobal
